// !$*UTF8*$!
{
	archiveVersion = 1;
	classes = {
	};
	objectVersion = 51;
	objects = {

/* Begin PBXBuildFile section */
		675F213C644D9423739D5A15 /* Pods_airbnbTests.framework in Frameworks */ = {isa = PBXBuildFile; fileRef = B31FF69B95E1A6BBA1086735 /* Pods_airbnbTests.framework */; };
		6EB0D0BA850193C0496DFF97 /* Pods_airbnb_airbnbUITests.framework in Frameworks */ = {isa = PBXBuildFile; fileRef = FFDA69D876881C51E071E17F /* Pods_airbnb_airbnbUITests.framework */; };
		D41483F226B260AA0034DF4A /* AppDelegate.swift in Sources */ = {isa = PBXBuildFile; fileRef = D41483F126B260AA0034DF4A /* AppDelegate.swift */; };
		D41483F426B260AA0034DF4A /* SceneDelegate.swift in Sources */ = {isa = PBXBuildFile; fileRef = D41483F326B260AA0034DF4A /* SceneDelegate.swift */; };
		D41483F626B260AA0034DF4A /* SignInViewController.swift in Sources */ = {isa = PBXBuildFile; fileRef = D41483F526B260AA0034DF4A /* SignInViewController.swift */; };
		D41483F926B260AA0034DF4A /* Main.storyboard in Resources */ = {isa = PBXBuildFile; fileRef = D41483F726B260AA0034DF4A /* Main.storyboard */; };
		D41483FB26B260AD0034DF4A /* Assets.xcassets in Resources */ = {isa = PBXBuildFile; fileRef = D41483FA26B260AD0034DF4A /* Assets.xcassets */; };
		D41483FE26B260AD0034DF4A /* LaunchScreen.storyboard in Resources */ = {isa = PBXBuildFile; fileRef = D41483FC26B260AD0034DF4A /* LaunchScreen.storyboard */; };
		D414840926B260AD0034DF4A /* airbnbTests.swift in Sources */ = {isa = PBXBuildFile; fileRef = D414840826B260AD0034DF4A /* airbnbTests.swift */; };
		D414841426B260AD0034DF4A /* airbnbUITests.swift in Sources */ = {isa = PBXBuildFile; fileRef = D414841326B260AD0034DF4A /* airbnbUITests.swift */; };
		D4B67D2426C0F05A000E8BB7 /* MainSearchViewController.swift in Sources */ = {isa = PBXBuildFile; fileRef = D4B67D2326C0F05A000E8BB7 /* MainSearchViewController.swift */; };
		D4B67D2726C0F1E5000E8BB7 /* AppFlowCoordinator.swift in Sources */ = {isa = PBXBuildFile; fileRef = D4B67D2626C0F1E5000E8BB7 /* AppFlowCoordinator.swift */; };
		D4B67D2926C0F25F000E8BB7 /* AppDIContainer.swift in Sources */ = {isa = PBXBuildFile; fileRef = D4B67D2826C0F25F000E8BB7 /* AppDIContainer.swift */; };
		D4B67D2B26C0F287000E8BB7 /* MainSearchSceneDIContainer.swift in Sources */ = {isa = PBXBuildFile; fileRef = D4B67D2A26C0F287000E8BB7 /* MainSearchSceneDIContainer.swift */; };
		D4B67D2E26C0F33A000E8BB7 /* MainSearchSceneFlowCoordinator.swift in Sources */ = {isa = PBXBuildFile; fileRef = D4B67D2D26C0F33A000E8BB7 /* MainSearchSceneFlowCoordinator.swift */; };
		D4B67D3026C0FC36000E8BB7 /* NetworkService.swift in Sources */ = {isa = PBXBuildFile; fileRef = D4B67D2F26C0FC36000E8BB7 /* NetworkService.swift */; };
		D4B67D3426C10369000E8BB7 /* TabBarViewController.swift in Sources */ = {isa = PBXBuildFile; fileRef = D4B67D3326C10369000E8BB7 /* TabBarViewController.swift */; };
		D4B67D3926C26AD5000E8BB7 /* ClosedTripPlaceCell.swift in Sources */ = {isa = PBXBuildFile; fileRef = D4B67D3826C26AD5000E8BB7 /* ClosedTripPlaceCell.swift */; };
		D4B67D3F26C56026000E8BB7 /* RecommendTripPlaceCell.swift in Sources */ = {isa = PBXBuildFile; fileRef = D4B67D3E26C56026000E8BB7 /* RecommendTripPlaceCell.swift */; };
		D4B67D4126C561AD000E8BB7 /* RecommendTripPlaceDataSource.swift in Sources */ = {isa = PBXBuildFile; fileRef = D4B67D4026C561AD000E8BB7 /* RecommendTripPlaceDataSource.swift */; };
		D4B67D4326C561B7000E8BB7 /* ClosedTripPlaceDataSource.swift in Sources */ = {isa = PBXBuildFile; fileRef = D4B67D4226C561B7000E8BB7 /* ClosedTripPlaceDataSource.swift */; };
		D4B67D9926CA2590000E8BB7 /* AccommodationSearchViewController.swift in Sources */ = {isa = PBXBuildFile; fileRef = D4B67D9826CA2590000E8BB7 /* AccommodationSearchViewController.swift */; };
		D4B67D9D26CA2BD7000E8BB7 /* ClosedPopulationTripPlaceCellTableViewCell.swift in Sources */ = {isa = PBXBuildFile; fileRef = D4B67D9C26CA2BD7000E8BB7 /* ClosedPopulationTripPlaceCellTableViewCell.swift */; };
		D4B67D9F26CA458C000E8BB7 /* SearchSuggestionTableViewContrllerTableViewController.swift in Sources */ = {isa = PBXBuildFile; fileRef = D4B67D9E26CA458C000E8BB7 /* SearchSuggestionTableViewContrllerTableViewController.swift */; };
		D4BCFB7B26D3AB4100323CF5 /* FindingAccommodationViewController.swift in Sources */ = {isa = PBXBuildFile; fileRef = D4BCFB7A26D3AB4100323CF5 /* FindingAccommodationViewController.swift */; };
		E13CB3CB0C08863EFED28AF4 /* Pods_airbnb.framework in Frameworks */ = {isa = PBXBuildFile; fileRef = ABC2802BA0E34BBE5C5450A6 /* Pods_airbnb.framework */; };
/* End PBXBuildFile section */

/* Begin PBXContainerItemProxy section */
		D414840526B260AD0034DF4A /* PBXContainerItemProxy */ = {
			isa = PBXContainerItemProxy;
			containerPortal = D41483E626B260AA0034DF4A /* Project object */;
			proxyType = 1;
			remoteGlobalIDString = D41483ED26B260AA0034DF4A;
			remoteInfo = airbnb;
		};
		D414841026B260AD0034DF4A /* PBXContainerItemProxy */ = {
			isa = PBXContainerItemProxy;
			containerPortal = D41483E626B260AA0034DF4A /* Project object */;
			proxyType = 1;
			remoteGlobalIDString = D41483ED26B260AA0034DF4A;
			remoteInfo = airbnb;
		};
/* End PBXContainerItemProxy section */

/* Begin PBXFileReference section */
		17D384F91981C2BE56F2C2DB /* Pods-airbnb.release.xcconfig */ = {isa = PBXFileReference; includeInIndex = 1; lastKnownFileType = text.xcconfig; name = "Pods-airbnb.release.xcconfig"; path = "Target Support Files/Pods-airbnb/Pods-airbnb.release.xcconfig"; sourceTree = "<group>"; };
		6546456743A2B0C544963323 /* Pods-airbnbTests.release.xcconfig */ = {isa = PBXFileReference; includeInIndex = 1; lastKnownFileType = text.xcconfig; name = "Pods-airbnbTests.release.xcconfig"; path = "Target Support Files/Pods-airbnbTests/Pods-airbnbTests.release.xcconfig"; sourceTree = "<group>"; };
		ABC2802BA0E34BBE5C5450A6 /* Pods_airbnb.framework */ = {isa = PBXFileReference; explicitFileType = wrapper.framework; includeInIndex = 0; path = Pods_airbnb.framework; sourceTree = BUILT_PRODUCTS_DIR; };
		B1DF93BBE81E27C5450C7440 /* Pods-airbnb-airbnbUITests.release.xcconfig */ = {isa = PBXFileReference; includeInIndex = 1; lastKnownFileType = text.xcconfig; name = "Pods-airbnb-airbnbUITests.release.xcconfig"; path = "Target Support Files/Pods-airbnb-airbnbUITests/Pods-airbnb-airbnbUITests.release.xcconfig"; sourceTree = "<group>"; };
		B31FF69B95E1A6BBA1086735 /* Pods_airbnbTests.framework */ = {isa = PBXFileReference; explicitFileType = wrapper.framework; includeInIndex = 0; path = Pods_airbnbTests.framework; sourceTree = BUILT_PRODUCTS_DIR; };
		B592F32A3259974412B61961 /* Pods-airbnb.debug.xcconfig */ = {isa = PBXFileReference; includeInIndex = 1; lastKnownFileType = text.xcconfig; name = "Pods-airbnb.debug.xcconfig"; path = "Target Support Files/Pods-airbnb/Pods-airbnb.debug.xcconfig"; sourceTree = "<group>"; };
		BC86814AF98787EC9FB1C51F /* Pods-airbnbTests.debug.xcconfig */ = {isa = PBXFileReference; includeInIndex = 1; lastKnownFileType = text.xcconfig; name = "Pods-airbnbTests.debug.xcconfig"; path = "Target Support Files/Pods-airbnbTests/Pods-airbnbTests.debug.xcconfig"; sourceTree = "<group>"; };
		D41483EE26B260AA0034DF4A /* airbnb.app */ = {isa = PBXFileReference; explicitFileType = wrapper.application; includeInIndex = 0; path = airbnb.app; sourceTree = BUILT_PRODUCTS_DIR; };
		D41483F126B260AA0034DF4A /* AppDelegate.swift */ = {isa = PBXFileReference; lastKnownFileType = sourcecode.swift; path = AppDelegate.swift; sourceTree = "<group>"; };
		D41483F326B260AA0034DF4A /* SceneDelegate.swift */ = {isa = PBXFileReference; lastKnownFileType = sourcecode.swift; path = SceneDelegate.swift; sourceTree = "<group>"; };
		D41483F526B260AA0034DF4A /* SignInViewController.swift */ = {isa = PBXFileReference; lastKnownFileType = sourcecode.swift; path = SignInViewController.swift; sourceTree = "<group>"; };
		D41483F826B260AA0034DF4A /* Base */ = {isa = PBXFileReference; lastKnownFileType = file.storyboard; name = Base; path = Base.lproj/Main.storyboard; sourceTree = "<group>"; };
		D41483FA26B260AD0034DF4A /* Assets.xcassets */ = {isa = PBXFileReference; lastKnownFileType = folder.assetcatalog; path = Assets.xcassets; sourceTree = "<group>"; };
		D41483FD26B260AD0034DF4A /* Base */ = {isa = PBXFileReference; lastKnownFileType = file.storyboard; name = Base; path = Base.lproj/LaunchScreen.storyboard; sourceTree = "<group>"; };
		D41483FF26B260AD0034DF4A /* Info.plist */ = {isa = PBXFileReference; lastKnownFileType = text.plist.xml; path = Info.plist; sourceTree = "<group>"; };
		D414840426B260AD0034DF4A /* airbnbTests.xctest */ = {isa = PBXFileReference; explicitFileType = wrapper.cfbundle; includeInIndex = 0; path = airbnbTests.xctest; sourceTree = BUILT_PRODUCTS_DIR; };
		D414840826B260AD0034DF4A /* airbnbTests.swift */ = {isa = PBXFileReference; lastKnownFileType = sourcecode.swift; path = airbnbTests.swift; sourceTree = "<group>"; };
		D414840A26B260AD0034DF4A /* Info.plist */ = {isa = PBXFileReference; lastKnownFileType = text.plist.xml; path = Info.plist; sourceTree = "<group>"; };
		D414840F26B260AD0034DF4A /* airbnbUITests.xctest */ = {isa = PBXFileReference; explicitFileType = wrapper.cfbundle; includeInIndex = 0; path = airbnbUITests.xctest; sourceTree = BUILT_PRODUCTS_DIR; };
		D414841326B260AD0034DF4A /* airbnbUITests.swift */ = {isa = PBXFileReference; lastKnownFileType = sourcecode.swift; path = airbnbUITests.swift; sourceTree = "<group>"; };
		D414841526B260AD0034DF4A /* Info.plist */ = {isa = PBXFileReference; lastKnownFileType = text.plist.xml; path = Info.plist; sourceTree = "<group>"; };
		D4B67D2326C0F05A000E8BB7 /* MainSearchViewController.swift */ = {isa = PBXFileReference; lastKnownFileType = sourcecode.swift; path = MainSearchViewController.swift; sourceTree = "<group>"; };
		D4B67D2626C0F1E5000E8BB7 /* AppFlowCoordinator.swift */ = {isa = PBXFileReference; lastKnownFileType = sourcecode.swift; path = AppFlowCoordinator.swift; sourceTree = "<group>"; };
		D4B67D2826C0F25F000E8BB7 /* AppDIContainer.swift */ = {isa = PBXFileReference; lastKnownFileType = sourcecode.swift; path = AppDIContainer.swift; sourceTree = "<group>"; };
		D4B67D2A26C0F287000E8BB7 /* MainSearchSceneDIContainer.swift */ = {isa = PBXFileReference; lastKnownFileType = sourcecode.swift; path = MainSearchSceneDIContainer.swift; sourceTree = "<group>"; };
		D4B67D2D26C0F33A000E8BB7 /* MainSearchSceneFlowCoordinator.swift */ = {isa = PBXFileReference; lastKnownFileType = sourcecode.swift; path = MainSearchSceneFlowCoordinator.swift; sourceTree = "<group>"; };
		D4B67D2F26C0FC36000E8BB7 /* NetworkService.swift */ = {isa = PBXFileReference; lastKnownFileType = sourcecode.swift; path = NetworkService.swift; sourceTree = "<group>"; };
		D4B67D3326C10369000E8BB7 /* TabBarViewController.swift */ = {isa = PBXFileReference; lastKnownFileType = sourcecode.swift; path = TabBarViewController.swift; sourceTree = "<group>"; };
		D4B67D3826C26AD5000E8BB7 /* ClosedTripPlaceCell.swift */ = {isa = PBXFileReference; lastKnownFileType = sourcecode.swift; path = ClosedTripPlaceCell.swift; sourceTree = "<group>"; };
		D4B67D3E26C56026000E8BB7 /* RecommendTripPlaceCell.swift */ = {isa = PBXFileReference; lastKnownFileType = sourcecode.swift; path = RecommendTripPlaceCell.swift; sourceTree = "<group>"; };
		D4B67D4026C561AD000E8BB7 /* RecommendTripPlaceDataSource.swift */ = {isa = PBXFileReference; lastKnownFileType = sourcecode.swift; path = RecommendTripPlaceDataSource.swift; sourceTree = "<group>"; };
		D4B67D4226C561B7000E8BB7 /* ClosedTripPlaceDataSource.swift */ = {isa = PBXFileReference; lastKnownFileType = sourcecode.swift; path = ClosedTripPlaceDataSource.swift; sourceTree = "<group>"; };
		D4B67D9826CA2590000E8BB7 /* AccommodationSearchViewController.swift */ = {isa = PBXFileReference; lastKnownFileType = sourcecode.swift; path = AccommodationSearchViewController.swift; sourceTree = "<group>"; };
		D4B67D9C26CA2BD7000E8BB7 /* ClosedPopulationTripPlaceCellTableViewCell.swift */ = {isa = PBXFileReference; lastKnownFileType = sourcecode.swift; path = ClosedPopulationTripPlaceCellTableViewCell.swift; sourceTree = "<group>"; };
		D4B67D9E26CA458C000E8BB7 /* SearchSuggestionTableViewContrllerTableViewController.swift */ = {isa = PBXFileReference; lastKnownFileType = sourcecode.swift; path = SearchSuggestionTableViewContrllerTableViewController.swift; sourceTree = "<group>"; };
		D4BCFB7A26D3AB4100323CF5 /* FindingAccommodationViewController.swift */ = {isa = PBXFileReference; lastKnownFileType = sourcecode.swift; path = FindingAccommodationViewController.swift; sourceTree = "<group>"; };
		EDB3C694D00F5E4C863206B7 /* Pods-airbnb-airbnbUITests.debug.xcconfig */ = {isa = PBXFileReference; includeInIndex = 1; lastKnownFileType = text.xcconfig; name = "Pods-airbnb-airbnbUITests.debug.xcconfig"; path = "Target Support Files/Pods-airbnb-airbnbUITests/Pods-airbnb-airbnbUITests.debug.xcconfig"; sourceTree = "<group>"; };
		FFDA69D876881C51E071E17F /* Pods_airbnb_airbnbUITests.framework */ = {isa = PBXFileReference; explicitFileType = wrapper.framework; includeInIndex = 0; path = Pods_airbnb_airbnbUITests.framework; sourceTree = BUILT_PRODUCTS_DIR; };
/* End PBXFileReference section */

/* Begin PBXFrameworksBuildPhase section */
		D41483EB26B260AA0034DF4A /* Frameworks */ = {
			isa = PBXFrameworksBuildPhase;
			buildActionMask = 2147483647;
			files = (
				E13CB3CB0C08863EFED28AF4 /* Pods_airbnb.framework in Frameworks */,
			);
			runOnlyForDeploymentPostprocessing = 0;
		};
		D414840126B260AD0034DF4A /* Frameworks */ = {
			isa = PBXFrameworksBuildPhase;
			buildActionMask = 2147483647;
			files = (
				675F213C644D9423739D5A15 /* Pods_airbnbTests.framework in Frameworks */,
			);
			runOnlyForDeploymentPostprocessing = 0;
		};
		D414840C26B260AD0034DF4A /* Frameworks */ = {
			isa = PBXFrameworksBuildPhase;
			buildActionMask = 2147483647;
			files = (
				6EB0D0BA850193C0496DFF97 /* Pods_airbnb_airbnbUITests.framework in Frameworks */,
			);
			runOnlyForDeploymentPostprocessing = 0;
		};
/* End PBXFrameworksBuildPhase section */

/* Begin PBXGroup section */
		0B578DAA9F25A8E0EC335594 /* Pods */ = {
			isa = PBXGroup;
			children = (
				B592F32A3259974412B61961 /* Pods-airbnb.debug.xcconfig */,
				17D384F91981C2BE56F2C2DB /* Pods-airbnb.release.xcconfig */,
				EDB3C694D00F5E4C863206B7 /* Pods-airbnb-airbnbUITests.debug.xcconfig */,
				B1DF93BBE81E27C5450C7440 /* Pods-airbnb-airbnbUITests.release.xcconfig */,
				BC86814AF98787EC9FB1C51F /* Pods-airbnbTests.debug.xcconfig */,
				6546456743A2B0C544963323 /* Pods-airbnbTests.release.xcconfig */,
			);
			path = Pods;
			sourceTree = "<group>";
		};
		D41483E526B260AA0034DF4A = {
			isa = PBXGroup;
			children = (
				D41483F026B260AA0034DF4A /* airbnb */,
				D414840726B260AD0034DF4A /* airbnbTests */,
				D414841226B260AD0034DF4A /* airbnbUITests */,
				D41483EF26B260AA0034DF4A /* Products */,
				0B578DAA9F25A8E0EC335594 /* Pods */,
				DFC11E529C668FD1ADCAB465 /* Frameworks */,
			);
			sourceTree = "<group>";
		};
		D41483EF26B260AA0034DF4A /* Products */ = {
			isa = PBXGroup;
			children = (
				D41483EE26B260AA0034DF4A /* airbnb.app */,
				D414840426B260AD0034DF4A /* airbnbTests.xctest */,
				D414840F26B260AD0034DF4A /* airbnbUITests.xctest */,
			);
			name = Products;
			sourceTree = "<group>";
		};
		D41483F026B260AA0034DF4A /* airbnb */ = {
			isa = PBXGroup;
			children = (
				D414842826B2C6040034DF4A /* Application */,
				D414842626B2C5E90034DF4A /* Domain */,
				D414842526B2C5D90034DF4A /* Presentation */,
				D414842426B2C5D30034DF4A /* Data */,
				D41483F726B260AA0034DF4A /* Main.storyboard */,
				D41483FF26B260AD0034DF4A /* Info.plist */,
				D414842726B2C5F60034DF4A /* SupportingFiles */,
			);
			path = airbnb;
			sourceTree = "<group>";
		};
		D414840726B260AD0034DF4A /* airbnbTests */ = {
			isa = PBXGroup;
			children = (
				D414840826B260AD0034DF4A /* airbnbTests.swift */,
				D414840A26B260AD0034DF4A /* Info.plist */,
			);
			path = airbnbTests;
			sourceTree = "<group>";
		};
		D414841226B260AD0034DF4A /* airbnbUITests */ = {
			isa = PBXGroup;
			children = (
				D414841326B260AD0034DF4A /* airbnbUITests.swift */,
				D414841526B260AD0034DF4A /* Info.plist */,
			);
			path = airbnbUITests;
			sourceTree = "<group>";
		};
		D414842426B2C5D30034DF4A /* Data */ = {
			isa = PBXGroup;
			children = (
				D414842C26B2CB4C0034DF4A /* Repositories */,
				D414842B26B2CB0A0034DF4A /* Network */,
			);
			path = Data;
			sourceTree = "<group>";
		};
		D414842526B2C5D90034DF4A /* Presentation */ = {
			isa = PBXGroup;
			children = (
				D4B67D3726C24648000E8BB7 /* MainSearchScene */,
				D4B67D2C26C0F325000E8BB7 /* Flow */,
			);
			path = Presentation;
			sourceTree = "<group>";
		};
		D414842626B2C5E90034DF4A /* Domain */ = {
			isa = PBXGroup;
			children = (
				D414842A26B2CA580034DF4A /* Entities */,
				D414842926B2CA4C0034DF4A /* UseCases */,
			);
			path = Domain;
			sourceTree = "<group>";
		};
		D414842726B2C5F60034DF4A /* SupportingFiles */ = {
			isa = PBXGroup;
			children = (
				D41483FA26B260AD0034DF4A /* Assets.xcassets */,
				D41483FC26B260AD0034DF4A /* LaunchScreen.storyboard */,
			);
			path = SupportingFiles;
			sourceTree = "<group>";
		};
		D414842826B2C6040034DF4A /* Application */ = {
			isa = PBXGroup;
			children = (
				D4B67D2526C0F1D5000E8BB7 /* DIContainer */,
				D41483F126B260AA0034DF4A /* AppDelegate.swift */,
				D41483F326B260AA0034DF4A /* SceneDelegate.swift */,
				D4B67D2626C0F1E5000E8BB7 /* AppFlowCoordinator.swift */,
			);
			path = Application;
			sourceTree = "<group>";
		};
		D414842926B2CA4C0034DF4A /* UseCases */ = {
			isa = PBXGroup;
			children = (
			);
			path = UseCases;
			sourceTree = "<group>";
		};
		D414842A26B2CA580034DF4A /* Entities */ = {
			isa = PBXGroup;
			children = (
			);
			path = Entities;
			sourceTree = "<group>";
		};
		D414842B26B2CB0A0034DF4A /* Network */ = {
			isa = PBXGroup;
			children = (
				D4B67D2F26C0FC36000E8BB7 /* NetworkService.swift */,
			);
			path = Network;
			sourceTree = "<group>";
		};
		D414842C26B2CB4C0034DF4A /* Repositories */ = {
			isa = PBXGroup;
			children = (
			);
			path = Repositories;
			sourceTree = "<group>";
		};
		D4B67D2526C0F1D5000E8BB7 /* DIContainer */ = {
			isa = PBXGroup;
			children = (
				D4B67D2826C0F25F000E8BB7 /* AppDIContainer.swift */,
				D4B67D2A26C0F287000E8BB7 /* MainSearchSceneDIContainer.swift */,
			);
			path = DIContainer;
			sourceTree = "<group>";
		};
		D4B67D2C26C0F325000E8BB7 /* Flow */ = {
			isa = PBXGroup;
			children = (
				D4B67D2D26C0F33A000E8BB7 /* MainSearchSceneFlowCoordinator.swift */,
			);
			path = Flow;
			sourceTree = "<group>";
		};
		D4B67D3726C24648000E8BB7 /* MainSearchScene */ = {
			isa = PBXGroup;
			children = (
				D41483F526B260AA0034DF4A /* SignInViewController.swift */,
				D4B67D3326C10369000E8BB7 /* TabBarViewController.swift */,
				D4B67D2326C0F05A000E8BB7 /* MainSearchViewController.swift */,
				D4B67D9E26CA458C000E8BB7 /* SearchSuggestionTableViewContrllerTableViewController.swift */,
				D4B67D3826C26AD5000E8BB7 /* ClosedTripPlaceCell.swift */,
				D4B67D3E26C56026000E8BB7 /* RecommendTripPlaceCell.swift */,
				D4B67D4026C561AD000E8BB7 /* RecommendTripPlaceDataSource.swift */,
				D4B67D4226C561B7000E8BB7 /* ClosedTripPlaceDataSource.swift */,
				D4B67D9826CA2590000E8BB7 /* AccommodationSearchViewController.swift */,
				D4B67D9C26CA2BD7000E8BB7 /* ClosedPopulationTripPlaceCellTableViewCell.swift */,
				D4BCFB7A26D3AB4100323CF5 /* FindingAccommodationViewController.swift */,
			);
			path = MainSearchScene;
			sourceTree = "<group>";
		};
		DFC11E529C668FD1ADCAB465 /* Frameworks */ = {
			isa = PBXGroup;
			children = (
				ABC2802BA0E34BBE5C5450A6 /* Pods_airbnb.framework */,
				FFDA69D876881C51E071E17F /* Pods_airbnb_airbnbUITests.framework */,
				B31FF69B95E1A6BBA1086735 /* Pods_airbnbTests.framework */,
			);
			name = Frameworks;
			sourceTree = "<group>";
		};
/* End PBXGroup section */

/* Begin PBXNativeTarget section */
		D41483ED26B260AA0034DF4A /* airbnb */ = {
			isa = PBXNativeTarget;
			buildConfigurationList = D414841826B260AD0034DF4A /* Build configuration list for PBXNativeTarget "airbnb" */;
			buildPhases = (
				243BF713BB9D0FA46385F943 /* [CP] Check Pods Manifest.lock */,
				D41483EA26B260AA0034DF4A /* Sources */,
				D41483EB26B260AA0034DF4A /* Frameworks */,
				D41483EC26B260AA0034DF4A /* Resources */,
				97E0BE55A534BDBA4BA51350 /* [CP] Copy Pods Resources */,
			);
			buildRules = (
			);
			dependencies = (
			);
			name = airbnb;
			productName = airbnb;
			productReference = D41483EE26B260AA0034DF4A /* airbnb.app */;
			productType = "com.apple.product-type.application";
		};
		D414840326B260AD0034DF4A /* airbnbTests */ = {
			isa = PBXNativeTarget;
			buildConfigurationList = D414841B26B260AD0034DF4A /* Build configuration list for PBXNativeTarget "airbnbTests" */;
			buildPhases = (
				4E935D9DFDD6A7CF33F4453C /* [CP] Check Pods Manifest.lock */,
				D414840026B260AD0034DF4A /* Sources */,
				D414840126B260AD0034DF4A /* Frameworks */,
				D414840226B260AD0034DF4A /* Resources */,
			);
			buildRules = (
			);
			dependencies = (
				D414840626B260AD0034DF4A /* PBXTargetDependency */,
			);
			name = airbnbTests;
			productName = airbnbTests;
			productReference = D414840426B260AD0034DF4A /* airbnbTests.xctest */;
			productType = "com.apple.product-type.bundle.unit-test";
		};
		D414840E26B260AD0034DF4A /* airbnbUITests */ = {
			isa = PBXNativeTarget;
			buildConfigurationList = D414841E26B260AD0034DF4A /* Build configuration list for PBXNativeTarget "airbnbUITests" */;
			buildPhases = (
				853A2E95A9376201161506EB /* [CP] Check Pods Manifest.lock */,
				D414840B26B260AD0034DF4A /* Sources */,
				D414840C26B260AD0034DF4A /* Frameworks */,
				D414840D26B260AD0034DF4A /* Resources */,
				11018DC00434129730562851 /* [CP] Copy Pods Resources */,
			);
			buildRules = (
			);
			dependencies = (
				D414841126B260AD0034DF4A /* PBXTargetDependency */,
			);
			name = airbnbUITests;
			productName = airbnbUITests;
			productReference = D414840F26B260AD0034DF4A /* airbnbUITests.xctest */;
			productType = "com.apple.product-type.bundle.ui-testing";
		};
/* End PBXNativeTarget section */

/* Begin PBXProject section */
		D41483E626B260AA0034DF4A /* Project object */ = {
			isa = PBXProject;
			attributes = {
				LastSwiftUpdateCheck = 1250;
				LastUpgradeCheck = 1250;
				TargetAttributes = {
					D41483ED26B260AA0034DF4A = {
						CreatedOnToolsVersion = 12.5;
					};
					D414840326B260AD0034DF4A = {
						CreatedOnToolsVersion = 12.5;
						TestTargetID = D41483ED26B260AA0034DF4A;
					};
					D414840E26B260AD0034DF4A = {
						CreatedOnToolsVersion = 12.5;
						TestTargetID = D41483ED26B260AA0034DF4A;
					};
				};
			};
			buildConfigurationList = D41483E926B260AA0034DF4A /* Build configuration list for PBXProject "airbnb" */;
			compatibilityVersion = "Xcode 9.3";
			developmentRegion = en;
			hasScannedForEncodings = 0;
			knownRegions = (
				en,
				Base,
			);
			mainGroup = D41483E526B260AA0034DF4A;
			productRefGroup = D41483EF26B260AA0034DF4A /* Products */;
			projectDirPath = "";
			projectRoot = "";
			targets = (
				D41483ED26B260AA0034DF4A /* airbnb */,
				D414840326B260AD0034DF4A /* airbnbTests */,
				D414840E26B260AD0034DF4A /* airbnbUITests */,
			);
		};
/* End PBXProject section */

/* Begin PBXResourcesBuildPhase section */
		D41483EC26B260AA0034DF4A /* Resources */ = {
			isa = PBXResourcesBuildPhase;
			buildActionMask = 2147483647;
			files = (
				D41483FE26B260AD0034DF4A /* LaunchScreen.storyboard in Resources */,
				D41483FB26B260AD0034DF4A /* Assets.xcassets in Resources */,
				D41483F926B260AA0034DF4A /* Main.storyboard in Resources */,
			);
			runOnlyForDeploymentPostprocessing = 0;
		};
		D414840226B260AD0034DF4A /* Resources */ = {
			isa = PBXResourcesBuildPhase;
			buildActionMask = 2147483647;
			files = (
			);
			runOnlyForDeploymentPostprocessing = 0;
		};
		D414840D26B260AD0034DF4A /* Resources */ = {
			isa = PBXResourcesBuildPhase;
			buildActionMask = 2147483647;
			files = (
			);
			runOnlyForDeploymentPostprocessing = 0;
		};
/* End PBXResourcesBuildPhase section */

/* Begin PBXShellScriptBuildPhase section */
		11018DC00434129730562851 /* [CP] Copy Pods Resources */ = {
			isa = PBXShellScriptBuildPhase;
			buildActionMask = 2147483647;
			files = (
			);
			inputFileListPaths = (
				"${PODS_ROOT}/Target Support Files/Pods-airbnb-airbnbUITests/Pods-airbnb-airbnbUITests-resources-${CONFIGURATION}-input-files.xcfilelist",
			);
			name = "[CP] Copy Pods Resources";
			outputFileListPaths = (
				"${PODS_ROOT}/Target Support Files/Pods-airbnb-airbnbUITests/Pods-airbnb-airbnbUITests-resources-${CONFIGURATION}-output-files.xcfilelist",
			);
			runOnlyForDeploymentPostprocessing = 0;
			shellPath = /bin/sh;
			shellScript = "\"${PODS_ROOT}/Target Support Files/Pods-airbnb-airbnbUITests/Pods-airbnb-airbnbUITests-resources.sh\"\n";
			showEnvVarsInLog = 0;
		};
		243BF713BB9D0FA46385F943 /* [CP] Check Pods Manifest.lock */ = {
			isa = PBXShellScriptBuildPhase;
			buildActionMask = 2147483647;
			files = (
			);
			inputFileListPaths = (
			);
			inputPaths = (
				"${PODS_PODFILE_DIR_PATH}/Podfile.lock",
				"${PODS_ROOT}/Manifest.lock",
			);
			name = "[CP] Check Pods Manifest.lock";
			outputFileListPaths = (
			);
			outputPaths = (
				"$(DERIVED_FILE_DIR)/Pods-airbnb-checkManifestLockResult.txt",
			);
			runOnlyForDeploymentPostprocessing = 0;
			shellPath = /bin/sh;
			shellScript = "diff \"${PODS_PODFILE_DIR_PATH}/Podfile.lock\" \"${PODS_ROOT}/Manifest.lock\" > /dev/null\nif [ $? != 0 ] ; then\n    # print error to STDERR\n    echo \"error: The sandbox is not in sync with the Podfile.lock. Run 'pod install' or update your CocoaPods installation.\" >&2\n    exit 1\nfi\n# This output is used by Xcode 'outputs' to avoid re-running this script phase.\necho \"SUCCESS\" > \"${SCRIPT_OUTPUT_FILE_0}\"\n";
			showEnvVarsInLog = 0;
		};
		4E935D9DFDD6A7CF33F4453C /* [CP] Check Pods Manifest.lock */ = {
			isa = PBXShellScriptBuildPhase;
			buildActionMask = 2147483647;
			files = (
			);
			inputFileListPaths = (
			);
			inputPaths = (
				"${PODS_PODFILE_DIR_PATH}/Podfile.lock",
				"${PODS_ROOT}/Manifest.lock",
			);
			name = "[CP] Check Pods Manifest.lock";
			outputFileListPaths = (
			);
			outputPaths = (
				"$(DERIVED_FILE_DIR)/Pods-airbnbTests-checkManifestLockResult.txt",
			);
			runOnlyForDeploymentPostprocessing = 0;
			shellPath = /bin/sh;
			shellScript = "diff \"${PODS_PODFILE_DIR_PATH}/Podfile.lock\" \"${PODS_ROOT}/Manifest.lock\" > /dev/null\nif [ $? != 0 ] ; then\n    # print error to STDERR\n    echo \"error: The sandbox is not in sync with the Podfile.lock. Run 'pod install' or update your CocoaPods installation.\" >&2\n    exit 1\nfi\n# This output is used by Xcode 'outputs' to avoid re-running this script phase.\necho \"SUCCESS\" > \"${SCRIPT_OUTPUT_FILE_0}\"\n";
			showEnvVarsInLog = 0;
		};
		853A2E95A9376201161506EB /* [CP] Check Pods Manifest.lock */ = {
			isa = PBXShellScriptBuildPhase;
			buildActionMask = 2147483647;
			files = (
			);
			inputFileListPaths = (
			);
			inputPaths = (
				"${PODS_PODFILE_DIR_PATH}/Podfile.lock",
				"${PODS_ROOT}/Manifest.lock",
			);
			name = "[CP] Check Pods Manifest.lock";
			outputFileListPaths = (
			);
			outputPaths = (
				"$(DERIVED_FILE_DIR)/Pods-airbnb-airbnbUITests-checkManifestLockResult.txt",
			);
			runOnlyForDeploymentPostprocessing = 0;
			shellPath = /bin/sh;
			shellScript = "diff \"${PODS_PODFILE_DIR_PATH}/Podfile.lock\" \"${PODS_ROOT}/Manifest.lock\" > /dev/null\nif [ $? != 0 ] ; then\n    # print error to STDERR\n    echo \"error: The sandbox is not in sync with the Podfile.lock. Run 'pod install' or update your CocoaPods installation.\" >&2\n    exit 1\nfi\n# This output is used by Xcode 'outputs' to avoid re-running this script phase.\necho \"SUCCESS\" > \"${SCRIPT_OUTPUT_FILE_0}\"\n";
			showEnvVarsInLog = 0;
		};
		97E0BE55A534BDBA4BA51350 /* [CP] Copy Pods Resources */ = {
			isa = PBXShellScriptBuildPhase;
			buildActionMask = 2147483647;
			files = (
			);
			inputFileListPaths = (
				"${PODS_ROOT}/Target Support Files/Pods-airbnb/Pods-airbnb-resources-${CONFIGURATION}-input-files.xcfilelist",
			);
			name = "[CP] Copy Pods Resources";
			outputFileListPaths = (
				"${PODS_ROOT}/Target Support Files/Pods-airbnb/Pods-airbnb-resources-${CONFIGURATION}-output-files.xcfilelist",
			);
			runOnlyForDeploymentPostprocessing = 0;
			shellPath = /bin/sh;
			shellScript = "\"${PODS_ROOT}/Target Support Files/Pods-airbnb/Pods-airbnb-resources.sh\"\n";
			showEnvVarsInLog = 0;
		};
/* End PBXShellScriptBuildPhase section */

/* Begin PBXSourcesBuildPhase section */
		D41483EA26B260AA0034DF4A /* Sources */ = {
			isa = PBXSourcesBuildPhase;
			buildActionMask = 2147483647;
			files = (
				D41483F626B260AA0034DF4A /* SignInViewController.swift in Sources */,
				D4BCFB7B26D3AB4100323CF5 /* FindingAccommodationViewController.swift in Sources */,
				D41483F226B260AA0034DF4A /* AppDelegate.swift in Sources */,
				D4B67D2B26C0F287000E8BB7 /* MainSearchSceneDIContainer.swift in Sources */,
				D4B67D2926C0F25F000E8BB7 /* AppDIContainer.swift in Sources */,
				D4B67D9926CA2590000E8BB7 /* AccommodationSearchViewController.swift in Sources */,
				D4B67D3026C0FC36000E8BB7 /* NetworkService.swift in Sources */,
				D4B67D3F26C56026000E8BB7 /* RecommendTripPlaceCell.swift in Sources */,
				D4B67D9D26CA2BD7000E8BB7 /* ClosedPopulationTripPlaceCellTableViewCell.swift in Sources */,
				D4B67D2E26C0F33A000E8BB7 /* MainSearchSceneFlowCoordinator.swift in Sources */,
				D4B67D4326C561B7000E8BB7 /* ClosedTripPlaceDataSource.swift in Sources */,
				D4B67D2726C0F1E5000E8BB7 /* AppFlowCoordinator.swift in Sources */,
				D4B67D4126C561AD000E8BB7 /* RecommendTripPlaceDataSource.swift in Sources */,
				D41483F426B260AA0034DF4A /* SceneDelegate.swift in Sources */,
				D4B67D3426C10369000E8BB7 /* TabBarViewController.swift in Sources */,
				D4B67D2426C0F05A000E8BB7 /* MainSearchViewController.swift in Sources */,
				D4B67D9F26CA458C000E8BB7 /* SearchSuggestionTableViewContrllerTableViewController.swift in Sources */,
				D4B67D3926C26AD5000E8BB7 /* ClosedTripPlaceCell.swift in Sources */,
			);
			runOnlyForDeploymentPostprocessing = 0;
		};
		D414840026B260AD0034DF4A /* Sources */ = {
			isa = PBXSourcesBuildPhase;
			buildActionMask = 2147483647;
			files = (
				D414840926B260AD0034DF4A /* airbnbTests.swift in Sources */,
			);
			runOnlyForDeploymentPostprocessing = 0;
		};
		D414840B26B260AD0034DF4A /* Sources */ = {
			isa = PBXSourcesBuildPhase;
			buildActionMask = 2147483647;
			files = (
				D414841426B260AD0034DF4A /* airbnbUITests.swift in Sources */,
			);
			runOnlyForDeploymentPostprocessing = 0;
		};
/* End PBXSourcesBuildPhase section */

/* Begin PBXTargetDependency section */
		D414840626B260AD0034DF4A /* PBXTargetDependency */ = {
			isa = PBXTargetDependency;
			target = D41483ED26B260AA0034DF4A /* airbnb */;
			targetProxy = D414840526B260AD0034DF4A /* PBXContainerItemProxy */;
		};
		D414841126B260AD0034DF4A /* PBXTargetDependency */ = {
			isa = PBXTargetDependency;
			target = D41483ED26B260AA0034DF4A /* airbnb */;
			targetProxy = D414841026B260AD0034DF4A /* PBXContainerItemProxy */;
		};
/* End PBXTargetDependency section */

/* Begin PBXVariantGroup section */
		D41483F726B260AA0034DF4A /* Main.storyboard */ = {
			isa = PBXVariantGroup;
			children = (
				D41483F826B260AA0034DF4A /* Base */,
			);
			name = Main.storyboard;
			sourceTree = "<group>";
		};
		D41483FC26B260AD0034DF4A /* LaunchScreen.storyboard */ = {
			isa = PBXVariantGroup;
			children = (
				D41483FD26B260AD0034DF4A /* Base */,
			);
			name = LaunchScreen.storyboard;
			sourceTree = "<group>";
		};
/* End PBXVariantGroup section */

/* Begin XCBuildConfiguration section */
		D414841626B260AD0034DF4A /* Debug */ = {
			isa = XCBuildConfiguration;
			buildSettings = {
				ALWAYS_SEARCH_USER_PATHS = NO;
				CLANG_ANALYZER_NONNULL = YES;
				CLANG_ANALYZER_NUMBER_OBJECT_CONVERSION = YES_AGGRESSIVE;
				CLANG_CXX_LANGUAGE_STANDARD = "gnu++14";
				CLANG_CXX_LIBRARY = "libc++";
				CLANG_ENABLE_MODULES = YES;
				CLANG_ENABLE_OBJC_ARC = YES;
				CLANG_ENABLE_OBJC_WEAK = YES;
				CLANG_WARN_BLOCK_CAPTURE_AUTORELEASING = YES;
				CLANG_WARN_BOOL_CONVERSION = YES;
				CLANG_WARN_COMMA = YES;
				CLANG_WARN_CONSTANT_CONVERSION = YES;
				CLANG_WARN_DEPRECATED_OBJC_IMPLEMENTATIONS = YES;
				CLANG_WARN_DIRECT_OBJC_ISA_USAGE = YES_ERROR;
				CLANG_WARN_DOCUMENTATION_COMMENTS = YES;
				CLANG_WARN_EMPTY_BODY = YES;
				CLANG_WARN_ENUM_CONVERSION = YES;
				CLANG_WARN_INFINITE_RECURSION = YES;
				CLANG_WARN_INT_CONVERSION = YES;
				CLANG_WARN_NON_LITERAL_NULL_CONVERSION = YES;
				CLANG_WARN_OBJC_IMPLICIT_RETAIN_SELF = YES;
				CLANG_WARN_OBJC_LITERAL_CONVERSION = YES;
				CLANG_WARN_OBJC_ROOT_CLASS = YES_ERROR;
				CLANG_WARN_QUOTED_INCLUDE_IN_FRAMEWORK_HEADER = YES;
				CLANG_WARN_RANGE_LOOP_ANALYSIS = YES;
				CLANG_WARN_STRICT_PROTOTYPES = YES;
				CLANG_WARN_SUSPICIOUS_MOVE = YES;
				CLANG_WARN_UNGUARDED_AVAILABILITY = YES_AGGRESSIVE;
				CLANG_WARN_UNREACHABLE_CODE = YES;
				CLANG_WARN__DUPLICATE_METHOD_MATCH = YES;
				COPY_PHASE_STRIP = NO;
				DEBUG_INFORMATION_FORMAT = dwarf;
				ENABLE_STRICT_OBJC_MSGSEND = YES;
				ENABLE_TESTABILITY = YES;
				GCC_C_LANGUAGE_STANDARD = gnu11;
				GCC_DYNAMIC_NO_PIC = NO;
				GCC_NO_COMMON_BLOCKS = YES;
				GCC_OPTIMIZATION_LEVEL = 0;
				GCC_PREPROCESSOR_DEFINITIONS = (
					"DEBUG=1",
					"$(inherited)",
				);
				GCC_WARN_64_TO_32_BIT_CONVERSION = YES;
				GCC_WARN_ABOUT_RETURN_TYPE = YES_ERROR;
				GCC_WARN_UNDECLARED_SELECTOR = YES;
				GCC_WARN_UNINITIALIZED_AUTOS = YES_AGGRESSIVE;
				GCC_WARN_UNUSED_FUNCTION = YES;
				GCC_WARN_UNUSED_VARIABLE = YES;
				IPHONEOS_DEPLOYMENT_TARGET = 14.5;
				MTL_ENABLE_DEBUG_INFO = INCLUDE_SOURCE;
				MTL_FAST_MATH = YES;
				ONLY_ACTIVE_ARCH = YES;
				SDKROOT = iphoneos;
				SWIFT_ACTIVE_COMPILATION_CONDITIONS = DEBUG;
				SWIFT_OPTIMIZATION_LEVEL = "-Onone";
			};
			name = Debug;
		};
		D414841726B260AD0034DF4A /* Release */ = {
			isa = XCBuildConfiguration;
			buildSettings = {
				ALWAYS_SEARCH_USER_PATHS = NO;
				CLANG_ANALYZER_NONNULL = YES;
				CLANG_ANALYZER_NUMBER_OBJECT_CONVERSION = YES_AGGRESSIVE;
				CLANG_CXX_LANGUAGE_STANDARD = "gnu++14";
				CLANG_CXX_LIBRARY = "libc++";
				CLANG_ENABLE_MODULES = YES;
				CLANG_ENABLE_OBJC_ARC = YES;
				CLANG_ENABLE_OBJC_WEAK = YES;
				CLANG_WARN_BLOCK_CAPTURE_AUTORELEASING = YES;
				CLANG_WARN_BOOL_CONVERSION = YES;
				CLANG_WARN_COMMA = YES;
				CLANG_WARN_CONSTANT_CONVERSION = YES;
				CLANG_WARN_DEPRECATED_OBJC_IMPLEMENTATIONS = YES;
				CLANG_WARN_DIRECT_OBJC_ISA_USAGE = YES_ERROR;
				CLANG_WARN_DOCUMENTATION_COMMENTS = YES;
				CLANG_WARN_EMPTY_BODY = YES;
				CLANG_WARN_ENUM_CONVERSION = YES;
				CLANG_WARN_INFINITE_RECURSION = YES;
				CLANG_WARN_INT_CONVERSION = YES;
				CLANG_WARN_NON_LITERAL_NULL_CONVERSION = YES;
				CLANG_WARN_OBJC_IMPLICIT_RETAIN_SELF = YES;
				CLANG_WARN_OBJC_LITERAL_CONVERSION = YES;
				CLANG_WARN_OBJC_ROOT_CLASS = YES_ERROR;
				CLANG_WARN_QUOTED_INCLUDE_IN_FRAMEWORK_HEADER = YES;
				CLANG_WARN_RANGE_LOOP_ANALYSIS = YES;
				CLANG_WARN_STRICT_PROTOTYPES = YES;
				CLANG_WARN_SUSPICIOUS_MOVE = YES;
				CLANG_WARN_UNGUARDED_AVAILABILITY = YES_AGGRESSIVE;
				CLANG_WARN_UNREACHABLE_CODE = YES;
				CLANG_WARN__DUPLICATE_METHOD_MATCH = YES;
				COPY_PHASE_STRIP = NO;
				DEBUG_INFORMATION_FORMAT = "dwarf-with-dsym";
				ENABLE_NS_ASSERTIONS = NO;
				ENABLE_STRICT_OBJC_MSGSEND = YES;
				GCC_C_LANGUAGE_STANDARD = gnu11;
				GCC_NO_COMMON_BLOCKS = YES;
				GCC_WARN_64_TO_32_BIT_CONVERSION = YES;
				GCC_WARN_ABOUT_RETURN_TYPE = YES_ERROR;
				GCC_WARN_UNDECLARED_SELECTOR = YES;
				GCC_WARN_UNINITIALIZED_AUTOS = YES_AGGRESSIVE;
				GCC_WARN_UNUSED_FUNCTION = YES;
				GCC_WARN_UNUSED_VARIABLE = YES;
				IPHONEOS_DEPLOYMENT_TARGET = 14.5;
				MTL_ENABLE_DEBUG_INFO = NO;
				MTL_FAST_MATH = YES;
				SDKROOT = iphoneos;
				SWIFT_COMPILATION_MODE = wholemodule;
				SWIFT_OPTIMIZATION_LEVEL = "-O";
				VALIDATE_PRODUCT = YES;
			};
			name = Release;
		};
		D414841926B260AD0034DF4A /* Debug */ = {
			isa = XCBuildConfiguration;
			baseConfigurationReference = B592F32A3259974412B61961 /* Pods-airbnb.debug.xcconfig */;
			buildSettings = {
				ASSETCATALOG_COMPILER_APPICON_NAME = AppIcon;
				ASSETCATALOG_COMPILER_GLOBAL_ACCENT_COLOR_NAME = AccentColor;
				CODE_SIGN_STYLE = Automatic;
				DEVELOPMENT_TEAM = B3PWYBKFUK;
				INFOPLIST_FILE = airbnb/Info.plist;
				LD_RUNPATH_SEARCH_PATHS = (
					"$(inherited)",
					"@executable_path/Frameworks",
				);
				PRODUCT_BUNDLE_IDENTIFIER = com.airbnb.airbnb;
				PRODUCT_NAME = "$(TARGET_NAME)";
				SWIFT_VERSION = 5.0;
				TARGETED_DEVICE_FAMILY = "1,2";
			};
			name = Debug;
		};
		D414841A26B260AD0034DF4A /* Release */ = {
			isa = XCBuildConfiguration;
			baseConfigurationReference = 17D384F91981C2BE56F2C2DB /* Pods-airbnb.release.xcconfig */;
			buildSettings = {
				ASSETCATALOG_COMPILER_APPICON_NAME = AppIcon;
				ASSETCATALOG_COMPILER_GLOBAL_ACCENT_COLOR_NAME = AccentColor;
				CODE_SIGN_STYLE = Automatic;
				DEVELOPMENT_TEAM = B3PWYBKFUK;
				INFOPLIST_FILE = airbnb/Info.plist;
				LD_RUNPATH_SEARCH_PATHS = (
					"$(inherited)",
					"@executable_path/Frameworks",
				);
				PRODUCT_BUNDLE_IDENTIFIER = com.airbnb.airbnb;
				PRODUCT_NAME = "$(TARGET_NAME)";
				SWIFT_VERSION = 5.0;
				TARGETED_DEVICE_FAMILY = "1,2";
			};
			name = Release;
		};
		D414841C26B260AD0034DF4A /* Debug */ = {
			isa = XCBuildConfiguration;
			baseConfigurationReference = BC86814AF98787EC9FB1C51F /* Pods-airbnbTests.debug.xcconfig */;
			buildSettings = {
				ALWAYS_EMBED_SWIFT_STANDARD_LIBRARIES = YES;
				BUNDLE_LOADER = "$(TEST_HOST)";
				CODE_SIGN_STYLE = Automatic;
				DEVELOPMENT_TEAM = B3PWYBKFUK;
				INFOPLIST_FILE = airbnbTests/Info.plist;
				IPHONEOS_DEPLOYMENT_TARGET = 14.5;
				LD_RUNPATH_SEARCH_PATHS = (
					"$(inherited)",
					"@executable_path/Frameworks",
					"@loader_path/Frameworks",
				);
				PRODUCT_BUNDLE_IDENTIFIER = com.airbnb.airbnbTests;
				PRODUCT_NAME = "$(TARGET_NAME)";
				SWIFT_VERSION = 5.0;
				TARGETED_DEVICE_FAMILY = "1,2";
				TEST_HOST = "$(BUILT_PRODUCTS_DIR)/airbnb.app/airbnb";
			};
			name = Debug;
		};
		D414841D26B260AD0034DF4A /* Release */ = {
			isa = XCBuildConfiguration;
			baseConfigurationReference = 6546456743A2B0C544963323 /* Pods-airbnbTests.release.xcconfig */;
			buildSettings = {
				ALWAYS_EMBED_SWIFT_STANDARD_LIBRARIES = YES;
				BUNDLE_LOADER = "$(TEST_HOST)";
				CODE_SIGN_STYLE = Automatic;
				DEVELOPMENT_TEAM = B3PWYBKFUK;
				INFOPLIST_FILE = airbnbTests/Info.plist;
				IPHONEOS_DEPLOYMENT_TARGET = 14.5;
				LD_RUNPATH_SEARCH_PATHS = (
					"$(inherited)",
					"@executable_path/Frameworks",
					"@loader_path/Frameworks",
				);
				PRODUCT_BUNDLE_IDENTIFIER = com.airbnb.airbnbTests;
				PRODUCT_NAME = "$(TARGET_NAME)";
				SWIFT_VERSION = 5.0;
				TARGETED_DEVICE_FAMILY = "1,2";
				TEST_HOST = "$(BUILT_PRODUCTS_DIR)/airbnb.app/airbnb";
			};
			name = Release;
		};
		D414841F26B260AD0034DF4A /* Debug */ = {
			isa = XCBuildConfiguration;
			baseConfigurationReference = EDB3C694D00F5E4C863206B7 /* Pods-airbnb-airbnbUITests.debug.xcconfig */;
			buildSettings = {
				ALWAYS_EMBED_SWIFT_STANDARD_LIBRARIES = YES;
				CODE_SIGN_STYLE = Automatic;
				DEVELOPMENT_TEAM = B3PWYBKFUK;
				INFOPLIST_FILE = airbnbUITests/Info.plist;
				LD_RUNPATH_SEARCH_PATHS = (
					"$(inherited)",
					"@executable_path/Frameworks",
					"@loader_path/Frameworks",
				);
				PRODUCT_BUNDLE_IDENTIFIER = com.airbnb.airbnbUITests;
				PRODUCT_NAME = "$(TARGET_NAME)";
				SWIFT_VERSION = 5.0;
				TARGETED_DEVICE_FAMILY = "1,2";
				TEST_TARGET_NAME = airbnb;
			};
			name = Debug;
		};
		D414842026B260AD0034DF4A /* Release */ = {
			isa = XCBuildConfiguration;
			baseConfigurationReference = B1DF93BBE81E27C5450C7440 /* Pods-airbnb-airbnbUITests.release.xcconfig */;
			buildSettings = {
				ALWAYS_EMBED_SWIFT_STANDARD_LIBRARIES = YES;
				CODE_SIGN_STYLE = Automatic;
				DEVELOPMENT_TEAM = B3PWYBKFUK;
				INFOPLIST_FILE = airbnbUITests/Info.plist;
				LD_RUNPATH_SEARCH_PATHS = (
					"$(inherited)",
					"@executable_path/Frameworks",
					"@loader_path/Frameworks",
				);
				PRODUCT_BUNDLE_IDENTIFIER = com.airbnb.airbnbUITests;
				PRODUCT_NAME = "$(TARGET_NAME)";
				SWIFT_VERSION = 5.0;
				TARGETED_DEVICE_FAMILY = "1,2";
				TEST_TARGET_NAME = airbnb;
			};
			name = Release;
		};
/* End XCBuildConfiguration section */

/* Begin XCConfigurationList section */
		D41483E926B260AA0034DF4A /* Build configuration list for PBXProject "airbnb" */ = {
			isa = XCConfigurationList;
			buildConfigurations = (
				D414841626B260AD0034DF4A /* Debug */,
				D414841726B260AD0034DF4A /* Release */,
			);
			defaultConfigurationIsVisible = 0;
			defaultConfigurationName = Release;
		};
		D414841826B260AD0034DF4A /* Build configuration list for PBXNativeTarget "airbnb" */ = {
			isa = XCConfigurationList;
			buildConfigurations = (
				D414841926B260AD0034DF4A /* Debug */,
				D414841A26B260AD0034DF4A /* Release */,
			);
			defaultConfigurationIsVisible = 0;
			defaultConfigurationName = Release;
		};
		D414841B26B260AD0034DF4A /* Build configuration list for PBXNativeTarget "airbnbTests" */ = {
			isa = XCConfigurationList;
			buildConfigurations = (
				D414841C26B260AD0034DF4A /* Debug */,
				D414841D26B260AD0034DF4A /* Release */,
			);
			defaultConfigurationIsVisible = 0;
			defaultConfigurationName = Release;
		};
		D414841E26B260AD0034DF4A /* Build configuration list for PBXNativeTarget "airbnbUITests" */ = {
			isa = XCConfigurationList;
			buildConfigurations = (
				D414841F26B260AD0034DF4A /* Debug */,
				D414842026B260AD0034DF4A /* Release */,
			);
			defaultConfigurationIsVisible = 0;
			defaultConfigurationName = Release;
		};
/* End XCConfigurationList section */
	};
	rootObject = D41483E626B260AA0034DF4A /* Project object */;
}
