// !$*UTF8*$!
{
	archiveVersion = 1;
	classes = {
	};
	objectVersion = 50;
	objects = {

/* Begin PBXBuildFile section */
		D41483F226B260AA0034DF4A /* AppDelegate.swift in Sources */ = {isa = PBXBuildFile; fileRef = D41483F126B260AA0034DF4A /* AppDelegate.swift */; };
		D41483F426B260AA0034DF4A /* SceneDelegate.swift in Sources */ = {isa = PBXBuildFile; fileRef = D41483F326B260AA0034DF4A /* SceneDelegate.swift */; };
		D41483F626B260AA0034DF4A /* ViewController.swift in Sources */ = {isa = PBXBuildFile; fileRef = D41483F526B260AA0034DF4A /* ViewController.swift */; };
		D41483F926B260AA0034DF4A /* Main.storyboard in Resources */ = {isa = PBXBuildFile; fileRef = D41483F726B260AA0034DF4A /* Main.storyboard */; };
		D41483FB26B260AD0034DF4A /* Assets.xcassets in Resources */ = {isa = PBXBuildFile; fileRef = D41483FA26B260AD0034DF4A /* Assets.xcassets */; };
		D41483FE26B260AD0034DF4A /* LaunchScreen.storyboard in Resources */ = {isa = PBXBuildFile; fileRef = D41483FC26B260AD0034DF4A /* LaunchScreen.storyboard */; };
		D414840926B260AD0034DF4A /* airbnbTests.swift in Sources */ = {isa = PBXBuildFile; fileRef = D414840826B260AD0034DF4A /* airbnbTests.swift */; };
		D414841426B260AD0034DF4A /* airbnbUITests.swift in Sources */ = {isa = PBXBuildFile; fileRef = D414841326B260AD0034DF4A /* airbnbUITests.swift */; };
/* End PBXBuildFile section */

/* Begin PBXContainerItemProxy section */
		D414840526B260AD0034DF4A /* PBXContainerItemProxy */ = {
			isa = PBXContainerItemProxy;
			containerPortal = D41483E626B260AA0034DF4A /* Project object */;
			proxyType = 1;
			remoteGlobalIDString = D41483ED26B260AA0034DF4A;
			remoteInfo = airbnb;
		};
		D414841026B260AD0034DF4A /* PBXContainerItemProxy */ = {
			isa = PBXContainerItemProxy;
			containerPortal = D41483E626B260AA0034DF4A /* Project object */;
			proxyType = 1;
			remoteGlobalIDString = D41483ED26B260AA0034DF4A;
			remoteInfo = airbnb;
		};
/* End PBXContainerItemProxy section */

/* Begin PBXFileReference section */
		D41483EE26B260AA0034DF4A /* airbnb.app */ = {isa = PBXFileReference; explicitFileType = wrapper.application; includeInIndex = 0; path = airbnb.app; sourceTree = BUILT_PRODUCTS_DIR; };
		D41483F126B260AA0034DF4A /* AppDelegate.swift */ = {isa = PBXFileReference; lastKnownFileType = sourcecode.swift; path = AppDelegate.swift; sourceTree = "<group>"; };
		D41483F326B260AA0034DF4A /* SceneDelegate.swift */ = {isa = PBXFileReference; lastKnownFileType = sourcecode.swift; path = SceneDelegate.swift; sourceTree = "<group>"; };
		D41483F526B260AA0034DF4A /* ViewController.swift */ = {isa = PBXFileReference; lastKnownFileType = sourcecode.swift; path = ViewController.swift; sourceTree = "<group>"; };
		D41483F826B260AA0034DF4A /* Base */ = {isa = PBXFileReference; lastKnownFileType = file.storyboard; name = Base; path = Base.lproj/Main.storyboard; sourceTree = "<group>"; };
		D41483FA26B260AD0034DF4A /* Assets.xcassets */ = {isa = PBXFileReference; lastKnownFileType = folder.assetcatalog; path = Assets.xcassets; sourceTree = "<group>"; };
		D41483FD26B260AD0034DF4A /* Base */ = {isa = PBXFileReference; lastKnownFileType = file.storyboard; name = Base; path = Base.lproj/LaunchScreen.storyboard; sourceTree = "<group>"; };
		D41483FF26B260AD0034DF4A /* Info.plist */ = {isa = PBXFileReference; lastKnownFileType = text.plist.xml; path = Info.plist; sourceTree = "<group>"; };
		D414840426B260AD0034DF4A /* airbnbTests.xctest */ = {isa = PBXFileReference; explicitFileType = wrapper.cfbundle; includeInIndex = 0; path = airbnbTests.xctest; sourceTree = BUILT_PRODUCTS_DIR; };
		D414840826B260AD0034DF4A /* airbnbTests.swift */ = {isa = PBXFileReference; lastKnownFileType = sourcecode.swift; path = airbnbTests.swift; sourceTree = "<group>"; };
		D414840A26B260AD0034DF4A /* Info.plist */ = {isa = PBXFileReference; lastKnownFileType = text.plist.xml; path = Info.plist; sourceTree = "<group>"; };
		D414840F26B260AD0034DF4A /* airbnbUITests.xctest */ = {isa = PBXFileReference; explicitFileType = wrapper.cfbundle; includeInIndex = 0; path = airbnbUITests.xctest; sourceTree = BUILT_PRODUCTS_DIR; };
		D414841326B260AD0034DF4A /* airbnbUITests.swift */ = {isa = PBXFileReference; lastKnownFileType = sourcecode.swift; path = airbnbUITests.swift; sourceTree = "<group>"; };
		D414841526B260AD0034DF4A /* Info.plist */ = {isa = PBXFileReference; lastKnownFileType = text.plist.xml; path = Info.plist; sourceTree = "<group>"; };
/* End PBXFileReference section */

/* Begin PBXFrameworksBuildPhase section */
		D41483EB26B260AA0034DF4A /* Frameworks */ = {
			isa = PBXFrameworksBuildPhase;
			buildActionMask = 2147483647;
			files = (
			);
			runOnlyForDeploymentPostprocessing = 0;
		};
		D414840126B260AD0034DF4A /* Frameworks */ = {
			isa = PBXFrameworksBuildPhase;
			buildActionMask = 2147483647;
			files = (
			);
			runOnlyForDeploymentPostprocessing = 0;
		};
		D414840C26B260AD0034DF4A /* Frameworks */ = {
			isa = PBXFrameworksBuildPhase;
			buildActionMask = 2147483647;
			files = (
			);
			runOnlyForDeploymentPostprocessing = 0;
		};
/* End PBXFrameworksBuildPhase section */

/* Begin PBXGroup section */
		D41483E526B260AA0034DF4A = {
			isa = PBXGroup;
			children = (
				D41483F026B260AA0034DF4A /* airbnb */,
				D414840726B260AD0034DF4A /* airbnbTests */,
				D414841226B260AD0034DF4A /* airbnbUITests */,
				D41483EF26B260AA0034DF4A /* Products */,
			);
			sourceTree = "<group>";
		};
		D41483EF26B260AA0034DF4A /* Products */ = {
			isa = PBXGroup;
			children = (
				D41483EE26B260AA0034DF4A /* airbnb.app */,
				D414840426B260AD0034DF4A /* airbnbTests.xctest */,
				D414840F26B260AD0034DF4A /* airbnbUITests.xctest */,
			);
			name = Products;
			sourceTree = "<group>";
		};
		D41483F026B260AA0034DF4A /* airbnb */ = {
			isa = PBXGroup;
			children = (
				D41483F126B260AA0034DF4A /* AppDelegate.swift */,
				D41483F326B260AA0034DF4A /* SceneDelegate.swift */,
				D41483F526B260AA0034DF4A /* ViewController.swift */,
				D41483F726B260AA0034DF4A /* Main.storyboard */,
				D41483FA26B260AD0034DF4A /* Assets.xcassets */,
				D41483FC26B260AD0034DF4A /* LaunchScreen.storyboard */,
				D41483FF26B260AD0034DF4A /* Info.plist */,
			);
			path = airbnb;
			sourceTree = "<group>";
		};
		D414840726B260AD0034DF4A /* airbnbTests */ = {
			isa = PBXGroup;
			children = (
				D414840826B260AD0034DF4A /* airbnbTests.swift */,
				D414840A26B260AD0034DF4A /* Info.plist */,
			);
			path = airbnbTests;
			sourceTree = "<group>";
		};
		D414841226B260AD0034DF4A /* airbnbUITests */ = {
			isa = PBXGroup;
			children = (
				D414841326B260AD0034DF4A /* airbnbUITests.swift */,
				D414841526B260AD0034DF4A /* Info.plist */,
			);
			path = airbnbUITests;
			sourceTree = "<group>";
		};
/* End PBXGroup section */

/* Begin PBXNativeTarget section */
		D41483ED26B260AA0034DF4A /* airbnb */ = {
			isa = PBXNativeTarget;
			buildConfigurationList = D414841826B260AD0034DF4A /* Build configuration list for PBXNativeTarget "airbnb" */;
			buildPhases = (
				D41483EA26B260AA0034DF4A /* Sources */,
				D41483EB26B260AA0034DF4A /* Frameworks */,
				D41483EC26B260AA0034DF4A /* Resources */,
			);
			buildRules = (
			);
			dependencies = (
			);
			name = airbnb;
			productName = airbnb;
			productReference = D41483EE26B260AA0034DF4A /* airbnb.app */;
			productType = "com.apple.product-type.application";
		};
		D414840326B260AD0034DF4A /* airbnbTests */ = {
			isa = PBXNativeTarget;
			buildConfigurationList = D414841B26B260AD0034DF4A /* Build configuration list for PBXNativeTarget "airbnbTests" */;
			buildPhases = (
				D414840026B260AD0034DF4A /* Sources */,
				D414840126B260AD0034DF4A /* Frameworks */,
				D414840226B260AD0034DF4A /* Resources */,
			);
			buildRules = (
			);
			dependencies = (
				D414840626B260AD0034DF4A /* PBXTargetDependency */,
			);
			name = airbnbTests;
			productName = airbnbTests;
			productReference = D414840426B260AD0034DF4A /* airbnbTests.xctest */;
			productType = "com.apple.product-type.bundle.unit-test";
		};
		D414840E26B260AD0034DF4A /* airbnbUITests */ = {
			isa = PBXNativeTarget;
			buildConfigurationList = D414841E26B260AD0034DF4A /* Build configuration list for PBXNativeTarget "airbnbUITests" */;
			buildPhases = (
				D414840B26B260AD0034DF4A /* Sources */,
				D414840C26B260AD0034DF4A /* Frameworks */,
				D414840D26B260AD0034DF4A /* Resources */,
			);
			buildRules = (
			);
			dependencies = (
				D414841126B260AD0034DF4A /* PBXTargetDependency */,
			);
			name = airbnbUITests;
			productName = airbnbUITests;
			productReference = D414840F26B260AD0034DF4A /* airbnbUITests.xctest */;
			productType = "com.apple.product-type.bundle.ui-testing";
		};
/* End PBXNativeTarget section */

/* Begin PBXProject section */
		D41483E626B260AA0034DF4A /* Project object */ = {
			isa = PBXProject;
			attributes = {
				LastSwiftUpdateCheck = 1250;
				LastUpgradeCheck = 1250;
				TargetAttributes = {
					D41483ED26B260AA0034DF4A = {
						CreatedOnToolsVersion = 12.5;
					};
					D414840326B260AD0034DF4A = {
						CreatedOnToolsVersion = 12.5;
						TestTargetID = D41483ED26B260AA0034DF4A;
					};
					D414840E26B260AD0034DF4A = {
						CreatedOnToolsVersion = 12.5;
						TestTargetID = D41483ED26B260AA0034DF4A;
					};
				};
			};
			buildConfigurationList = D41483E926B260AA0034DF4A /* Build configuration list for PBXProject "airbnb" */;
			compatibilityVersion = "Xcode 9.3";
			developmentRegion = en;
			hasScannedForEncodings = 0;
			knownRegions = (
				en,
				Base,
			);
			mainGroup = D41483E526B260AA0034DF4A;
			productRefGroup = D41483EF26B260AA0034DF4A /* Products */;
			projectDirPath = "";
			projectRoot = "";
			targets = (
				D41483ED26B260AA0034DF4A /* airbnb */,
				D414840326B260AD0034DF4A /* airbnbTests */,
				D414840E26B260AD0034DF4A /* airbnbUITests */,
			);
		};
/* End PBXProject section */

/* Begin PBXResourcesBuildPhase section */
		D41483EC26B260AA0034DF4A /* Resources */ = {
			isa = PBXResourcesBuildPhase;
			buildActionMask = 2147483647;
			files = (
				D41483FE26B260AD0034DF4A /* LaunchScreen.storyboard in Resources */,
				D41483FB26B260AD0034DF4A /* Assets.xcassets in Resources */,
				D41483F926B260AA0034DF4A /* Main.storyboard in Resources */,
			);
			runOnlyForDeploymentPostprocessing = 0;
		};
		D414840226B260AD0034DF4A /* Resources */ = {
			isa = PBXResourcesBuildPhase;
			buildActionMask = 2147483647;
			files = (
			);
			runOnlyForDeploymentPostprocessing = 0;
		};
		D414840D26B260AD0034DF4A /* Resources */ = {
			isa = PBXResourcesBuildPhase;
			buildActionMask = 2147483647;
			files = (
			);
			runOnlyForDeploymentPostprocessing = 0;
		};
/* End PBXResourcesBuildPhase section */

/* Begin PBXSourcesBuildPhase section */
		D41483EA26B260AA0034DF4A /* Sources */ = {
			isa = PBXSourcesBuildPhase;
			buildActionMask = 2147483647;
			files = (
				D41483F626B260AA0034DF4A /* ViewController.swift in Sources */,
				D41483F226B260AA0034DF4A /* AppDelegate.swift in Sources */,
				D41483F426B260AA0034DF4A /* SceneDelegate.swift in Sources */,
			);
			runOnlyForDeploymentPostprocessing = 0;
		};
		D414840026B260AD0034DF4A /* Sources */ = {
			isa = PBXSourcesBuildPhase;
			buildActionMask = 2147483647;
			files = (
				D414840926B260AD0034DF4A /* airbnbTests.swift in Sources */,
			);
			runOnlyForDeploymentPostprocessing = 0;
		};
		D414840B26B260AD0034DF4A /* Sources */ = {
			isa = PBXSourcesBuildPhase;
			buildActionMask = 2147483647;
			files = (
				D414841426B260AD0034DF4A /* airbnbUITests.swift in Sources */,
			);
			runOnlyForDeploymentPostprocessing = 0;
		};
/* End PBXSourcesBuildPhase section */

/* Begin PBXTargetDependency section */
		D414840626B260AD0034DF4A /* PBXTargetDependency */ = {
			isa = PBXTargetDependency;
			target = D41483ED26B260AA0034DF4A /* airbnb */;
			targetProxy = D414840526B260AD0034DF4A /* PBXContainerItemProxy */;
		};
		D414841126B260AD0034DF4A /* PBXTargetDependency */ = {
			isa = PBXTargetDependency;
			target = D41483ED26B260AA0034DF4A /* airbnb */;
			targetProxy = D414841026B260AD0034DF4A /* PBXContainerItemProxy */;
		};
/* End PBXTargetDependency section */

/* Begin PBXVariantGroup section */
		D41483F726B260AA0034DF4A /* Main.storyboard */ = {
			isa = PBXVariantGroup;
			children = (
				D41483F826B260AA0034DF4A /* Base */,
			);
			name = Main.storyboard;
			sourceTree = "<group>";
		};
		D41483FC26B260AD0034DF4A /* LaunchScreen.storyboard */ = {
			isa = PBXVariantGroup;
			children = (
				D41483FD26B260AD0034DF4A /* Base */,
			);
			name = LaunchScreen.storyboard;
			sourceTree = "<group>";
		};
/* End PBXVariantGroup section */

/* Begin XCBuildConfiguration section */
		D414841626B260AD0034DF4A /* Debug */ = {
			isa = XCBuildConfiguration;
			buildSettings = {
				ALWAYS_SEARCH_USER_PATHS = NO;
				CLANG_ANALYZER_NONNULL = YES;
				CLANG_ANALYZER_NUMBER_OBJECT_CONVERSION = YES_AGGRESSIVE;
				CLANG_CXX_LANGUAGE_STANDARD = "gnu++14";
				CLANG_CXX_LIBRARY = "libc++";
				CLANG_ENABLE_MODULES = YES;
				CLANG_ENABLE_OBJC_ARC = YES;
				CLANG_ENABLE_OBJC_WEAK = YES;
				CLANG_WARN_BLOCK_CAPTURE_AUTORELEASING = YES;
				CLANG_WARN_BOOL_CONVERSION = YES;
				CLANG_WARN_COMMA = YES;
				CLANG_WARN_CONSTANT_CONVERSION = YES;
				CLANG_WARN_DEPRECATED_OBJC_IMPLEMENTATIONS = YES;
				CLANG_WARN_DIRECT_OBJC_ISA_USAGE = YES_ERROR;
				CLANG_WARN_DOCUMENTATION_COMMENTS = YES;
				CLANG_WARN_EMPTY_BODY = YES;
				CLANG_WARN_ENUM_CONVERSION = YES;
				CLANG_WARN_INFINITE_RECURSION = YES;
				CLANG_WARN_INT_CONVERSION = YES;
				CLANG_WARN_NON_LITERAL_NULL_CONVERSION = YES;
				CLANG_WARN_OBJC_IMPLICIT_RETAIN_SELF = YES;
				CLANG_WARN_OBJC_LITERAL_CONVERSION = YES;
				CLANG_WARN_OBJC_ROOT_CLASS = YES_ERROR;
				CLANG_WARN_QUOTED_INCLUDE_IN_FRAMEWORK_HEADER = YES;
				CLANG_WARN_RANGE_LOOP_ANALYSIS = YES;
				CLANG_WARN_STRICT_PROTOTYPES = YES;
				CLANG_WARN_SUSPICIOUS_MOVE = YES;
				CLANG_WARN_UNGUARDED_AVAILABILITY = YES_AGGRESSIVE;
				CLANG_WARN_UNREACHABLE_CODE = YES;
				CLANG_WARN__DUPLICATE_METHOD_MATCH = YES;
				COPY_PHASE_STRIP = NO;
				DEBUG_INFORMATION_FORMAT = dwarf;
				ENABLE_STRICT_OBJC_MSGSEND = YES;
				ENABLE_TESTABILITY = YES;
				GCC_C_LANGUAGE_STANDARD = gnu11;
				GCC_DYNAMIC_NO_PIC = NO;
				GCC_NO_COMMON_BLOCKS = YES;
				GCC_OPTIMIZATION_LEVEL = 0;
				GCC_PREPROCESSOR_DEFINITIONS = (
					"DEBUG=1",
					"$(inherited)",
				);
				GCC_WARN_64_TO_32_BIT_CONVERSION = YES;
				GCC_WARN_ABOUT_RETURN_TYPE = YES_ERROR;
				GCC_WARN_UNDECLARED_SELECTOR = YES;
				GCC_WARN_UNINITIALIZED_AUTOS = YES_AGGRESSIVE;
				GCC_WARN_UNUSED_FUNCTION = YES;
				GCC_WARN_UNUSED_VARIABLE = YES;
				IPHONEOS_DEPLOYMENT_TARGET = 14.5;
				MTL_ENABLE_DEBUG_INFO = INCLUDE_SOURCE;
				MTL_FAST_MATH = YES;
				ONLY_ACTIVE_ARCH = YES;
				SDKROOT = iphoneos;
				SWIFT_ACTIVE_COMPILATION_CONDITIONS = DEBUG;
				SWIFT_OPTIMIZATION_LEVEL = "-Onone";
			};
			name = Debug;
		};
		D414841726B260AD0034DF4A /* Release */ = {
			isa = XCBuildConfiguration;
			buildSettings = {
				ALWAYS_SEARCH_USER_PATHS = NO;
				CLANG_ANALYZER_NONNULL = YES;
				CLANG_ANALYZER_NUMBER_OBJECT_CONVERSION = YES_AGGRESSIVE;
				CLANG_CXX_LANGUAGE_STANDARD = "gnu++14";
				CLANG_CXX_LIBRARY = "libc++";
				CLANG_ENABLE_MODULES = YES;
				CLANG_ENABLE_OBJC_ARC = YES;
				CLANG_ENABLE_OBJC_WEAK = YES;
				CLANG_WARN_BLOCK_CAPTURE_AUTORELEASING = YES;
				CLANG_WARN_BOOL_CONVERSION = YES;
				CLANG_WARN_COMMA = YES;
				CLANG_WARN_CONSTANT_CONVERSION = YES;
				CLANG_WARN_DEPRECATED_OBJC_IMPLEMENTATIONS = YES;
				CLANG_WARN_DIRECT_OBJC_ISA_USAGE = YES_ERROR;
				CLANG_WARN_DOCUMENTATION_COMMENTS = YES;
				CLANG_WARN_EMPTY_BODY = YES;
				CLANG_WARN_ENUM_CONVERSION = YES;
				CLANG_WARN_INFINITE_RECURSION = YES;
				CLANG_WARN_INT_CONVERSION = YES;
				CLANG_WARN_NON_LITERAL_NULL_CONVERSION = YES;
				CLANG_WARN_OBJC_IMPLICIT_RETAIN_SELF = YES;
				CLANG_WARN_OBJC_LITERAL_CONVERSION = YES;
				CLANG_WARN_OBJC_ROOT_CLASS = YES_ERROR;
				CLANG_WARN_QUOTED_INCLUDE_IN_FRAMEWORK_HEADER = YES;
				CLANG_WARN_RANGE_LOOP_ANALYSIS = YES;
				CLANG_WARN_STRICT_PROTOTYPES = YES;
				CLANG_WARN_SUSPICIOUS_MOVE = YES;
				CLANG_WARN_UNGUARDED_AVAILABILITY = YES_AGGRESSIVE;
				CLANG_WARN_UNREACHABLE_CODE = YES;
				CLANG_WARN__DUPLICATE_METHOD_MATCH = YES;
				COPY_PHASE_STRIP = NO;
				DEBUG_INFORMATION_FORMAT = "dwarf-with-dsym";
				ENABLE_NS_ASSERTIONS = NO;
				ENABLE_STRICT_OBJC_MSGSEND = YES;
				GCC_C_LANGUAGE_STANDARD = gnu11;
				GCC_NO_COMMON_BLOCKS = YES;
				GCC_WARN_64_TO_32_BIT_CONVERSION = YES;
				GCC_WARN_ABOUT_RETURN_TYPE = YES_ERROR;
				GCC_WARN_UNDECLARED_SELECTOR = YES;
				GCC_WARN_UNINITIALIZED_AUTOS = YES_AGGRESSIVE;
				GCC_WARN_UNUSED_FUNCTION = YES;
				GCC_WARN_UNUSED_VARIABLE = YES;
				IPHONEOS_DEPLOYMENT_TARGET = 14.5;
				MTL_ENABLE_DEBUG_INFO = NO;
				MTL_FAST_MATH = YES;
				SDKROOT = iphoneos;
				SWIFT_COMPILATION_MODE = wholemodule;
				SWIFT_OPTIMIZATION_LEVEL = "-O";
				VALIDATE_PRODUCT = YES;
			};
			name = Release;
		};
		D414841926B260AD0034DF4A /* Debug */ = {
			isa = XCBuildConfiguration;
			buildSettings = {
				ASSETCATALOG_COMPILER_APPICON_NAME = AppIcon;
				ASSETCATALOG_COMPILER_GLOBAL_ACCENT_COLOR_NAME = AccentColor;
				CODE_SIGN_STYLE = Automatic;
				DEVELOPMENT_TEAM = B3PWYBKFUK;
				INFOPLIST_FILE = airbnb/Info.plist;
				LD_RUNPATH_SEARCH_PATHS = (
					"$(inherited)",
					"@executable_path/Frameworks",
				);
				PRODUCT_BUNDLE_IDENTIFIER = com.airbnb.airbnb;
				PRODUCT_NAME = "$(TARGET_NAME)";
				SWIFT_VERSION = 5.0;
				TARGETED_DEVICE_FAMILY = "1,2";
			};
			name = Debug;
		};
		D414841A26B260AD0034DF4A /* Release */ = {
			isa = XCBuildConfiguration;
			buildSettings = {
				ASSETCATALOG_COMPILER_APPICON_NAME = AppIcon;
				ASSETCATALOG_COMPILER_GLOBAL_ACCENT_COLOR_NAME = AccentColor;
				CODE_SIGN_STYLE = Automatic;
				DEVELOPMENT_TEAM = B3PWYBKFUK;
				INFOPLIST_FILE = airbnb/Info.plist;
				LD_RUNPATH_SEARCH_PATHS = (
					"$(inherited)",
					"@executable_path/Frameworks",
				);
				PRODUCT_BUNDLE_IDENTIFIER = com.airbnb.airbnb;
				PRODUCT_NAME = "$(TARGET_NAME)";
				SWIFT_VERSION = 5.0;
				TARGETED_DEVICE_FAMILY = "1,2";
			};
			name = Release;
		};
		D414841C26B260AD0034DF4A /* Debug */ = {
			isa = XCBuildConfiguration;
			buildSettings = {
				ALWAYS_EMBED_SWIFT_STANDARD_LIBRARIES = YES;
				BUNDLE_LOADER = "$(TEST_HOST)";
				CODE_SIGN_STYLE = Automatic;
				DEVELOPMENT_TEAM = B3PWYBKFUK;
				INFOPLIST_FILE = airbnbTests/Info.plist;
				IPHONEOS_DEPLOYMENT_TARGET = 14.5;
				LD_RUNPATH_SEARCH_PATHS = (
					"$(inherited)",
					"@executable_path/Frameworks",
					"@loader_path/Frameworks",
				);
				PRODUCT_BUNDLE_IDENTIFIER = com.airbnb.airbnbTests;
				PRODUCT_NAME = "$(TARGET_NAME)";
				SWIFT_VERSION = 5.0;
				TARGETED_DEVICE_FAMILY = "1,2";
				TEST_HOST = "$(BUILT_PRODUCTS_DIR)/airbnb.app/airbnb";
			};
			name = Debug;
		};
		D414841D26B260AD0034DF4A /* Release */ = {
			isa = XCBuildConfiguration;
			buildSettings = {
				ALWAYS_EMBED_SWIFT_STANDARD_LIBRARIES = YES;
				BUNDLE_LOADER = "$(TEST_HOST)";
				CODE_SIGN_STYLE = Automatic;
				DEVELOPMENT_TEAM = B3PWYBKFUK;
				INFOPLIST_FILE = airbnbTests/Info.plist;
				IPHONEOS_DEPLOYMENT_TARGET = 14.5;
				LD_RUNPATH_SEARCH_PATHS = (
					"$(inherited)",
					"@executable_path/Frameworks",
					"@loader_path/Frameworks",
				);
				PRODUCT_BUNDLE_IDENTIFIER = com.airbnb.airbnbTests;
				PRODUCT_NAME = "$(TARGET_NAME)";
				SWIFT_VERSION = 5.0;
				TARGETED_DEVICE_FAMILY = "1,2";
				TEST_HOST = "$(BUILT_PRODUCTS_DIR)/airbnb.app/airbnb";
			};
			name = Release;
		};
		D414841F26B260AD0034DF4A /* Debug */ = {
			isa = XCBuildConfiguration;
			buildSettings = {
				ALWAYS_EMBED_SWIFT_STANDARD_LIBRARIES = YES;
				CODE_SIGN_STYLE = Automatic;
				DEVELOPMENT_TEAM = B3PWYBKFUK;
				INFOPLIST_FILE = airbnbUITests/Info.plist;
				LD_RUNPATH_SEARCH_PATHS = (
					"$(inherited)",
					"@executable_path/Frameworks",
					"@loader_path/Frameworks",
				);
				PRODUCT_BUNDLE_IDENTIFIER = com.airbnb.airbnbUITests;
				PRODUCT_NAME = "$(TARGET_NAME)";
				SWIFT_VERSION = 5.0;
				TARGETED_DEVICE_FAMILY = "1,2";
				TEST_TARGET_NAME = airbnb;
			};
			name = Debug;
		};
		D414842026B260AD0034DF4A /* Release */ = {
			isa = XCBuildConfiguration;
			buildSettings = {
				ALWAYS_EMBED_SWIFT_STANDARD_LIBRARIES = YES;
				CODE_SIGN_STYLE = Automatic;
				DEVELOPMENT_TEAM = B3PWYBKFUK;
				INFOPLIST_FILE = airbnbUITests/Info.plist;
				LD_RUNPATH_SEARCH_PATHS = (
					"$(inherited)",
					"@executable_path/Frameworks",
					"@loader_path/Frameworks",
				);
				PRODUCT_BUNDLE_IDENTIFIER = com.airbnb.airbnbUITests;
				PRODUCT_NAME = "$(TARGET_NAME)";
				SWIFT_VERSION = 5.0;
				TARGETED_DEVICE_FAMILY = "1,2";
				TEST_TARGET_NAME = airbnb;
			};
			name = Release;
		};
/* End XCBuildConfiguration section */

/* Begin XCConfigurationList section */
		D41483E926B260AA0034DF4A /* Build configuration list for PBXProject "airbnb" */ = {
			isa = XCConfigurationList;
			buildConfigurations = (
				D414841626B260AD0034DF4A /* Debug */,
				D414841726B260AD0034DF4A /* Release */,
			);
			defaultConfigurationIsVisible = 0;
			defaultConfigurationName = Release;
		};
		D414841826B260AD0034DF4A /* Build configuration list for PBXNativeTarget "airbnb" */ = {
			isa = XCConfigurationList;
			buildConfigurations = (
				D414841926B260AD0034DF4A /* Debug */,
				D414841A26B260AD0034DF4A /* Release */,
			);
			defaultConfigurationIsVisible = 0;
			defaultConfigurationName = Release;
		};
		D414841B26B260AD0034DF4A /* Build configuration list for PBXNativeTarget "airbnbTests" */ = {
			isa = XCConfigurationList;
			buildConfigurations = (
				D414841C26B260AD0034DF4A /* Debug */,
				D414841D26B260AD0034DF4A /* Release */,
			);
			defaultConfigurationIsVisible = 0;
			defaultConfigurationName = Release;
		};
		D414841E26B260AD0034DF4A /* Build configuration list for PBXNativeTarget "airbnbUITests" */ = {
			isa = XCConfigurationList;
			buildConfigurations = (
				D414841F26B260AD0034DF4A /* Debug */,
				D414842026B260AD0034DF4A /* Release */,
			);
			defaultConfigurationIsVisible = 0;
			defaultConfigurationName = Release;
		};
/* End XCConfigurationList section */
	};
	rootObject = D41483E626B260AA0034DF4A /* Project object */;
}
