PODS:
  - GoogleMaps (5.1.0):
    - GoogleMaps/Maps (= 5.1.0)
  - GoogleMaps/Base (5.1.0)
  - GoogleMaps/Maps (5.1.0):
    - GoogleMaps/Base
  - GooglePlaces (5.0.0)

DEPENDENCIES:
  - GoogleMaps
  - GooglePlaces

SPEC REPOS:
  https://github.com/CocoaPods/Specs.git:
    - GoogleMaps
    - GooglePlaces

SPEC CHECKSUMS:
  GoogleMaps: 086ae1dab659eaa7339bdb30fc88e2f44e7c597c
  GooglePlaces: 5d87ca13ed98b7a937e0d8bc7026f718c7263271

PODFILE CHECKSUM: d0e403f9d27944e4fd026930a0d199dc273ae696

COCOAPODS: 1.10.1
